# @generated by Move, please check-in and do not edit manually.

[move]
version = 3
manifest_digest = "F59FC4A5F4EA6D1F70E08BCB633C59FF8586E3730BD3A97345FF93B6C828B5D6"
deps_digest = "F8BBB0CCB2491CA29A3DF03D6F92277A4F3574266507ACD77214D37ECA3F3082"
dependencies = [
  { id = "Sui", name = "Sui" },
]

[[move.package]]
id = "MoveStdlib"
source = { git = "https://github.com/MystenLabs/sui.git", rev = "testnet", subdir = "crates/sui-framework/packages/move-stdlib" }

[[move.package]]
id = "Sui"
source = { git = "https://github.com/MystenLabs/sui.git", rev = "testnet", subdir = "crates/sui-framework/packages/sui-framework" }

dependencies = [
  { id = "MoveStdlib", name = "MoveStdlib" },
]

[move.toolchain-version]
compiler-version = "1.62.0"
edition = "2024"
flavor = "sui"

[env]

[env.testnet]
chain-id = "4c78adac"
original-published-id = "0x19016ad9c427b38d2ea16162b6731df27ce9d7e68740148771023c57f4e49dfb"
latest-published-id = "0x19016ad9c427b38d2ea16162b6731df27ce9d7e68740148771023c57f4e49dfb"
published-version = "1"
